
Microsoft Visual Studio Solution File, Format Version 12.00
# Visual Studio 14
VisualStudioVersion = 14.0.25420.1
MinimumVisualStudioVersion = 10.0.40219.1
Project("{2150E333-8FDC-42A3-9474-1A3956D46DE8}") = "Foundation", "Foundation", "{3146197A-F400-46A8-AED9-B3E3AB70950C}"
EndProject
Project("{2150E333-8FDC-42A3-9474-1A3956D46DE8}") = "AirPolution", "AirPolution", "{7F4FDB2E-0884-4D6F-AC7D-3A631B37F9B5}"
EndProject
Project("{FAE04EC0-301F-11D3-BF4B-00C04F79EFBC}") = "LV.AirPolution", "src\Foundation\AirPolution\code\LV.AirPolution.csproj", "{05E67A67-EA7C-48EF-A03A-49FC00BA7485}"
EndProject
Project("{2150E333-8FDC-42A3-9474-1A3956D46DE8}") = "Configuration", "Configuration", "{3BC99886-8178-417D-B159-8DB8BF666866}"
	ProjectSection(SolutionItems) = preProject
		.editorconfig = .editorconfig
		.gitattributes = .gitattributes
		.gitignore = .gitignore
		nuget.config = nuget.config
		README.md = README.md
	EndProjectSection
EndProject
Project("{FAE04EC0-301F-11D3-BF4B-00C04F79EFBC}") = "LV.AirPolution.Tests", "src\Foundation\AirPolution\tests\LV.AirPolution.Tests.csproj", "{37AF6189-E0B4-4B89-8733-66A4D078F9CE}"
EndProject
Project("{2150E333-8FDC-42A3-9474-1A3956D46DE8}") = "Feature", "Feature", "{8BE43047-99C5-4F76-AB43-C8EEEF9C7972}"
EndProject
Project("{2150E333-8FDC-42A3-9474-1A3956D46DE8}") = "Project", "Project", "{CDFC1CF5-92D9-4E00-AE80-3A2EC1EAE9F1}"
EndProject
Project("{2150E333-8FDC-42A3-9474-1A3956D46DE8}") = "Documentation", "Documentation", "{9DEEAC51-91A7-4CC9-A872-EAFA8DC6BA23}"
	ProjectSection(SolutionItems) = preProject
		documentation\images\deal-with-it.gif = documentation\images\deal-with-it.gif
		documentation\images\hackathon.png = documentation\images\hackathon.png
		documentation\README.md = documentation\README.md
	EndProjectSection
EndProject
Project("{2150E333-8FDC-42A3-9474-1A3956D46DE8}") = "Localization", "Localization", "{4ED94955-D96D-4574-8A40-7E4063E493C8}"
EndProject
Project("{2150E333-8FDC-42A3-9474-1A3956D46DE8}") = "AirPolution.XConnectSerialization", "AirPolution.XConnectSerialization", "{FABF34DF-8433-4480-91E3-7A11E85FE9BB}"
EndProject
Project("{FAE04EC0-301F-11D3-BF4B-00C04F79EFBC}") = "LV.AirPolution.xConnectSerialization", "src\Foundation\AirPolution.XConnectSerialization\LV.AirPolution.xConnectSerialization\LV.AirPolution.xConnectSerialization.csproj", "{176D944C-F00F-4C4D-8616-3B59E42C5D48}"
EndProject
Project("{2150E333-8FDC-42A3-9474-1A3956D46DE8}") = "Website", "Website", "{AC373233-6CAF-4EC8-8C7F-5BE2802D7CBE}"
EndProject
Project("{FAE04EC0-301F-11D3-BF4B-00C04F79EFBC}") = "LV.Website", "src\Project\Website\code\LV.Website.csproj", "{16284974-F038-47B3-A03F-B095402A95E0}"
Project("{FAE04EC0-301F-11D3-BF4B-00C04F79EFBC}") = "LV.Localization", "src\Feature\Localization\LV.Localization\LV.Localization.csproj", "{F94FFD9A-1AC3-4F55-A3A5-50E41080D6B8}"
EndProject
Global
	GlobalSection(SolutionConfigurationPlatforms) = preSolution
		Debug|Any CPU = Debug|Any CPU
		Release|Any CPU = Release|Any CPU
	EndGlobalSection
	GlobalSection(ProjectConfigurationPlatforms) = postSolution
		{05E67A67-EA7C-48EF-A03A-49FC00BA7485}.Debug|Any CPU.ActiveCfg = Debug|Any CPU
		{05E67A67-EA7C-48EF-A03A-49FC00BA7485}.Debug|Any CPU.Build.0 = Debug|Any CPU
		{05E67A67-EA7C-48EF-A03A-49FC00BA7485}.Release|Any CPU.ActiveCfg = Release|Any CPU
		{05E67A67-EA7C-48EF-A03A-49FC00BA7485}.Release|Any CPU.Build.0 = Release|Any CPU
		{37AF6189-E0B4-4B89-8733-66A4D078F9CE}.Debug|Any CPU.ActiveCfg = Debug|Any CPU
		{37AF6189-E0B4-4B89-8733-66A4D078F9CE}.Debug|Any CPU.Build.0 = Debug|Any CPU
		{37AF6189-E0B4-4B89-8733-66A4D078F9CE}.Release|Any CPU.ActiveCfg = Release|Any CPU
		{37AF6189-E0B4-4B89-8733-66A4D078F9CE}.Release|Any CPU.Build.0 = Release|Any CPU
		{176D944C-F00F-4C4D-8616-3B59E42C5D48}.Debug|Any CPU.ActiveCfg = Debug|Any CPU
		{176D944C-F00F-4C4D-8616-3B59E42C5D48}.Debug|Any CPU.Build.0 = Debug|Any CPU
		{176D944C-F00F-4C4D-8616-3B59E42C5D48}.Release|Any CPU.ActiveCfg = Release|Any CPU
		{176D944C-F00F-4C4D-8616-3B59E42C5D48}.Release|Any CPU.Build.0 = Release|Any CPU
		{16284974-F038-47B3-A03F-B095402A95E0}.Debug|Any CPU.ActiveCfg = Debug|Any CPU
		{16284974-F038-47B3-A03F-B095402A95E0}.Debug|Any CPU.Build.0 = Debug|Any CPU
		{16284974-F038-47B3-A03F-B095402A95E0}.Release|Any CPU.ActiveCfg = Release|Any CPU
		{16284974-F038-47B3-A03F-B095402A95E0}.Release|Any CPU.Build.0 = Release|Any CPU
		{F94FFD9A-1AC3-4F55-A3A5-50E41080D6B8}.Debug|Any CPU.ActiveCfg = Debug|Any CPU
		{F94FFD9A-1AC3-4F55-A3A5-50E41080D6B8}.Debug|Any CPU.Build.0 = Debug|Any CPU
		{F94FFD9A-1AC3-4F55-A3A5-50E41080D6B8}.Release|Any CPU.ActiveCfg = Release|Any CPU
		{F94FFD9A-1AC3-4F55-A3A5-50E41080D6B8}.Release|Any CPU.Build.0 = Release|Any CPU
	EndGlobalSection
	GlobalSection(SolutionProperties) = preSolution
		HideSolutionNode = FALSE
	EndGlobalSection
	GlobalSection(NestedProjects) = preSolution
		{7F4FDB2E-0884-4D6F-AC7D-3A631B37F9B5} = {3146197A-F400-46A8-AED9-B3E3AB70950C}
		{05E67A67-EA7C-48EF-A03A-49FC00BA7485} = {7F4FDB2E-0884-4D6F-AC7D-3A631B37F9B5}
		{37AF6189-E0B4-4B89-8733-66A4D078F9CE} = {7F4FDB2E-0884-4D6F-AC7D-3A631B37F9B5}
		{4ED94955-D96D-4574-8A40-7E4063E493C8} = {8BE43047-99C5-4F76-AB43-C8EEEF9C7972}
		{FABF34DF-8433-4480-91E3-7A11E85FE9BB} = {3146197A-F400-46A8-AED9-B3E3AB70950C}
		{176D944C-F00F-4C4D-8616-3B59E42C5D48} = {FABF34DF-8433-4480-91E3-7A11E85FE9BB}
		{AC373233-6CAF-4EC8-8C7F-5BE2802D7CBE} = {CDFC1CF5-92D9-4E00-AE80-3A2EC1EAE9F1}
		{16284974-F038-47B3-A03F-B095402A95E0} = {AC373233-6CAF-4EC8-8C7F-5BE2802D7CBE}
		{F94FFD9A-1AC3-4F55-A3A5-50E41080D6B8} = {4ED94955-D96D-4574-8A40-7E4063E493C8}
	EndGlobalSection
	GlobalSection(ExtensibilityGlobals) = postSolution
		SolutionGuid = {FA3387BC-FF33-4693-BB94-72984C67B70A}
	EndGlobalSection
EndGlobal
